// !$*UTF8*$!
{
	archiveVersion = 1;
	classes = {
	};
	objectVersion = 55;
	objects = {

/* Begin PBXBuildFile section */
		A83CA45528171B0B009A9F8D /* LoginService.swift in Sources */ = {isa = PBXBuildFile; fileRef = A83CA45428171B0B009A9F8D /* LoginService.swift */; };
		A83CA45728171C98009A9F8D /* Constants.swift in Sources */ = {isa = PBXBuildFile; fileRef = A83CA45628171C98009A9F8D /* Constants.swift */; };
		A83CA45928223B18009A9F8D /* LoginViewOutput.swift in Sources */ = {isa = PBXBuildFile; fileRef = A83CA45828223B18009A9F8D /* LoginViewOutput.swift */; };
		A83CA45C282241B8009A9F8D /* LoginAssembly.swift in Sources */ = {isa = PBXBuildFile; fileRef = A83CA45B282241B8009A9F8D /* LoginAssembly.swift */; };
		A83CA4612822AECA009A9F8D /* LoginPresenter.swift in Sources */ = {isa = PBXBuildFile; fileRef = A83CA4602822AECA009A9F8D /* LoginPresenter.swift */; };
		A83CA4632822B7F1009A9F8D /* LoginInteractor.swift in Sources */ = {isa = PBXBuildFile; fileRef = A83CA4622822B7F1009A9F8D /* LoginInteractor.swift */; };
		A83CA4652822C6D9009A9F8D /* LoginRouter.swift in Sources */ = {isa = PBXBuildFile; fileRef = A83CA4642822C6D9009A9F8D /* LoginRouter.swift */; };
		A83CA46C2822CEFB009A9F8D /* MainTabBarViewController.swift in Sources */ = {isa = PBXBuildFile; fileRef = A83CA46B2822CEFB009A9F8D /* MainTabBarViewController.swift */; };
		A83CA4822823ABF3009A9F8D /* FriendsViewController.swift in Sources */ = {isa = PBXBuildFile; fileRef = A83CA4812823ABF3009A9F8D /* FriendsViewController.swift */; };
		A83CA4842823AC79009A9F8D /* NewsViewController.swift in Sources */ = {isa = PBXBuildFile; fileRef = A83CA4832823AC79009A9F8D /* NewsViewController.swift */; };
		A83CA4862823ACB9009A9F8D /* GroupsViewController.swift in Sources */ = {isa = PBXBuildFile; fileRef = A83CA4852823ACB9009A9F8D /* GroupsViewController.swift */; };
		A84D8E8F282B07DF006789DE /* GroupsAssembly.swift in Sources */ = {isa = PBXBuildFile; fileRef = A84D8E8E282B07DE006789DE /* GroupsAssembly.swift */; };
		A88296172811C5CD00B9EF10 /* Session.swift in Sources */ = {isa = PBXBuildFile; fileRef = A88296162811C5CD00B9EF10 /* Session.swift */; };
		A88DFED32810845400662775 /* AppDelegate.swift in Sources */ = {isa = PBXBuildFile; fileRef = A88DFED22810845400662775 /* AppDelegate.swift */; };
		A88DFED52810845400662775 /* SceneDelegate.swift in Sources */ = {isa = PBXBuildFile; fileRef = A88DFED42810845400662775 /* SceneDelegate.swift */; };
		A88DFED72810845400662775 /* LoginViewController.swift in Sources */ = {isa = PBXBuildFile; fileRef = A88DFED62810845400662775 /* LoginViewController.swift */; };
		A88DFEDC2810845600662775 /* Assets.xcassets in Resources */ = {isa = PBXBuildFile; fileRef = A88DFEDB2810845600662775 /* Assets.xcassets */; };
		A88DFEDF2810845600662775 /* LaunchScreen.storyboard in Resources */ = {isa = PBXBuildFile; fileRef = A88DFEDD2810845600662775 /* LaunchScreen.storyboard */; };
		A8A790DE282D5E5F00EA13FD /* PhotoViewController.swift in Sources */ = {isa = PBXBuildFile; fileRef = A8A790DD282D5E5F00EA13FD /* PhotoViewController.swift */; };
		A8A790E1282D5F2600EA13FD /* PhotoItemModel.swift in Sources */ = {isa = PBXBuildFile; fileRef = A8A790E0282D5F2600EA13FD /* PhotoItemModel.swift */; };
		A8A790E3282D608900EA13FD /* PhotoViewOutput.swift in Sources */ = {isa = PBXBuildFile; fileRef = A8A790E2282D608900EA13FD /* PhotoViewOutput.swift */; };
		A8A790E5282D64A500EA13FD /* PhotoCell.swift in Sources */ = {isa = PBXBuildFile; fileRef = A8A790E4282D64A500EA13FD /* PhotoCell.swift */; };
		A8C47DA4282F993800ECCD1D /* PhotoViewInput.swift in Sources */ = {isa = PBXBuildFile; fileRef = A8C47DA3282F993800ECCD1D /* PhotoViewInput.swift */; };
		A8C47DA6282F9CD500ECCD1D /* PhotoServiceInput.swift in Sources */ = {isa = PBXBuildFile; fileRef = A8C47DA5282F9CD500ECCD1D /* PhotoServiceInput.swift */; };
		A8C47DA8282FA05800ECCD1D /* PhotoPresenter.swift in Sources */ = {isa = PBXBuildFile; fileRef = A8C47DA7282FA05800ECCD1D /* PhotoPresenter.swift */; };
		A8C47DAA282FA10700ECCD1D /* PhotoInteractor.swift in Sources */ = {isa = PBXBuildFile; fileRef = A8C47DA9282FA10700ECCD1D /* PhotoInteractor.swift */; };
		A8C47DAC282FA13D00ECCD1D /* PhotoInteractorInput.swift in Sources */ = {isa = PBXBuildFile; fileRef = A8C47DAB282FA13D00ECCD1D /* PhotoInteractorInput.swift */; };
		A8C47DB0282FE8C900ECCD1D /* PhotoAssembly.swift in Sources */ = {isa = PBXBuildFile; fileRef = A8C47DAF282FE8C900ECCD1D /* PhotoAssembly.swift */; };
		A8C47DB2282FF6AF00ECCD1D /* FriendsRouter.swift in Sources */ = {isa = PBXBuildFile; fileRef = A8C47DB1282FF6AF00ECCD1D /* FriendsRouter.swift */; };
		A8C47DB4282FF7BB00ECCD1D /* FriendsRouterInput.swift in Sources */ = {isa = PBXBuildFile; fileRef = A8C47DB3282FF7BB00ECCD1D /* FriendsRouterInput.swift */; };
		A8C47DB628300BFE00ECCD1D /* DataManager.swift in Sources */ = {isa = PBXBuildFile; fileRef = A8C47DB528300BFE00ECCD1D /* DataManager.swift */; };
		A8CCE7682830EE9E00FCB199 /* LoginInteractorInput.swift in Sources */ = {isa = PBXBuildFile; fileRef = A8CCE7672830EE9E00FCB199 /* LoginInteractorInput.swift */; };
		A8CCE76A2830F72D00FCB199 /* LoginServiceInput.swift in Sources */ = {isa = PBXBuildFile; fileRef = A8CCE7692830F72D00FCB199 /* LoginServiceInput.swift */; };
		A8CCE76C2830F77E00FCB199 /* LoginRouterInput.swift in Sources */ = {isa = PBXBuildFile; fileRef = A8CCE76B2830F77E00FCB199 /* LoginRouterInput.swift */; };
		A8CCE76E2830F7C300FCB199 /* LoginViewInput.swift in Sources */ = {isa = PBXBuildFile; fileRef = A8CCE76D2830F7C300FCB199 /* LoginViewInput.swift */; };
		A8CCE7702830FA6A00FCB199 /* FriendsInteractorInput.swift in Sources */ = {isa = PBXBuildFile; fileRef = A8CCE76F2830FA6A00FCB199 /* FriendsInteractorInput.swift */; };
		A8CCE7722830FD9000FCB199 /* FriendsServiceInput.swift in Sources */ = {isa = PBXBuildFile; fileRef = A8CCE7712830FD9000FCB199 /* FriendsServiceInput.swift */; };
		A8CCE7742830FF5E00FCB199 /* FriendsViewInput.swift in Sources */ = {isa = PBXBuildFile; fileRef = A8CCE7732830FF5E00FCB199 /* FriendsViewInput.swift */; };
		A8CCE776283100B000FCB199 /* GroupsInteractorInput.swift in Sources */ = {isa = PBXBuildFile; fileRef = A8CCE775283100B000FCB199 /* GroupsInteractorInput.swift */; };
		A8CCE778283101C400FCB199 /* GroupsServiceInput.swift in Sources */ = {isa = PBXBuildFile; fileRef = A8CCE777283101C400FCB199 /* GroupsServiceInput.swift */; };
		A8CCE77A283102C600FCB199 /* GroupsViewInput.swift in Sources */ = {isa = PBXBuildFile; fileRef = A8CCE779283102C600FCB199 /* GroupsViewInput.swift */; };
		A8F2A250282D99DD00D011CE /* PhotoService.swift in Sources */ = {isa = PBXBuildFile; fileRef = A8F2A24F282D99DD00D011CE /* PhotoService.swift */; };
		A8FB5C29282A46FF009DCC2D /* DTO.swift in Sources */ = {isa = PBXBuildFile; fileRef = A8FB5C28282A46FF009DCC2D /* DTO.swift */; };
		A8FB5C2C282A4A6C009DCC2D /* FriendItemModel.swift in Sources */ = {isa = PBXBuildFile; fileRef = A8FB5C2B282A4A6C009DCC2D /* FriendItemModel.swift */; };
		A8FB5C2E282A4E87009DCC2D /* FriendCell.swift in Sources */ = {isa = PBXBuildFile; fileRef = A8FB5C2D282A4E87009DCC2D /* FriendCell.swift */; };
		A8FB5C30282A5808009DCC2D /* FriendsViewOutput.swift in Sources */ = {isa = PBXBuildFile; fileRef = A8FB5C2F282A5808009DCC2D /* FriendsViewOutput.swift */; };
		A8FB5C32282A5A5D009DCC2D /* FriendsService.swift in Sources */ = {isa = PBXBuildFile; fileRef = A8FB5C31282A5A5D009DCC2D /* FriendsService.swift */; };
		A8FB5C36282A61F5009DCC2D /* FriendsPresenter.swift in Sources */ = {isa = PBXBuildFile; fileRef = A8FB5C35282A61F5009DCC2D /* FriendsPresenter.swift */; };
		A8FB5C38282AACD6009DCC2D /* ImageLoaderService.swift in Sources */ = {isa = PBXBuildFile; fileRef = A8FB5C37282AACD6009DCC2D /* ImageLoaderService.swift */; };
		A8FB5C3A282AAE87009DCC2D /* ImageLoaderHelper.swift in Sources */ = {isa = PBXBuildFile; fileRef = A8FB5C39282AAE87009DCC2D /* ImageLoaderHelper.swift */; };
		A8FB5C3C282AB059009DCC2D /* FriendsInteractor.swift in Sources */ = {isa = PBXBuildFile; fileRef = A8FB5C3B282AB059009DCC2D /* FriendsInteractor.swift */; };
		A8FB5C3E282AB13D009DCC2D /* FriendsAssembly.swift in Sources */ = {isa = PBXBuildFile; fileRef = A8FB5C3D282AB13D009DCC2D /* FriendsAssembly.swift */; };
		A8FB5C41282AFAB1009DCC2D /* GroupItemModel.swift in Sources */ = {isa = PBXBuildFile; fileRef = A8FB5C40282AFAB1009DCC2D /* GroupItemModel.swift */; };
		A8FB5C43282AFBDA009DCC2D /* GroupsViewOutput.swift in Sources */ = {isa = PBXBuildFile; fileRef = A8FB5C42282AFBDA009DCC2D /* GroupsViewOutput.swift */; };
		A8FB5C45282AFD91009DCC2D /* GroupCell.swift in Sources */ = {isa = PBXBuildFile; fileRef = A8FB5C44282AFD91009DCC2D /* GroupCell.swift */; };
		A8FB5C47282B009C009DCC2D /* GroupsPresenter.swift in Sources */ = {isa = PBXBuildFile; fileRef = A8FB5C46282B009C009DCC2D /* GroupsPresenter.swift */; };
		A8FB5C49282B025C009DCC2D /* GroupsInteractor.swift in Sources */ = {isa = PBXBuildFile; fileRef = A8FB5C48282B025C009DCC2D /* GroupsInteractor.swift */; };
		A8FB5C4C282B035B009DCC2D /* GroupsService.swift in Sources */ = {isa = PBXBuildFile; fileRef = A8FB5C4B282B035B009DCC2D /* GroupsService.swift */; };
/* End PBXBuildFile section */

/* Begin PBXFileReference section */
		A83CA45428171B0B009A9F8D /* LoginService.swift */ = {isa = PBXFileReference; lastKnownFileType = sourcecode.swift; path = LoginService.swift; sourceTree = "<group>"; };
		A83CA45628171C98009A9F8D /* Constants.swift */ = {isa = PBXFileReference; lastKnownFileType = sourcecode.swift; path = Constants.swift; sourceTree = "<group>"; };
		A83CA45828223B18009A9F8D /* LoginViewOutput.swift */ = {isa = PBXFileReference; lastKnownFileType = sourcecode.swift; path = LoginViewOutput.swift; sourceTree = "<group>"; };
		A83CA45B282241B8009A9F8D /* LoginAssembly.swift */ = {isa = PBXFileReference; lastKnownFileType = sourcecode.swift; path = LoginAssembly.swift; sourceTree = "<group>"; };
		A83CA4602822AECA009A9F8D /* LoginPresenter.swift */ = {isa = PBXFileReference; lastKnownFileType = sourcecode.swift; path = LoginPresenter.swift; sourceTree = "<group>"; };
		A83CA4622822B7F1009A9F8D /* LoginInteractor.swift */ = {isa = PBXFileReference; lastKnownFileType = sourcecode.swift; path = LoginInteractor.swift; sourceTree = "<group>"; };
		A83CA4642822C6D9009A9F8D /* LoginRouter.swift */ = {isa = PBXFileReference; lastKnownFileType = sourcecode.swift; path = LoginRouter.swift; sourceTree = "<group>"; };
		A83CA46B2822CEFB009A9F8D /* MainTabBarViewController.swift */ = {isa = PBXFileReference; lastKnownFileType = sourcecode.swift; path = MainTabBarViewController.swift; sourceTree = "<group>"; };
		A83CA4812823ABF3009A9F8D /* FriendsViewController.swift */ = {isa = PBXFileReference; lastKnownFileType = sourcecode.swift; path = FriendsViewController.swift; sourceTree = "<group>"; };
		A83CA4832823AC79009A9F8D /* NewsViewController.swift */ = {isa = PBXFileReference; lastKnownFileType = sourcecode.swift; path = NewsViewController.swift; sourceTree = "<group>"; };
		A83CA4852823ACB9009A9F8D /* GroupsViewController.swift */ = {isa = PBXFileReference; lastKnownFileType = sourcecode.swift; path = GroupsViewController.swift; sourceTree = "<group>"; };
		A84D8E8E282B07DE006789DE /* GroupsAssembly.swift */ = {isa = PBXFileReference; lastKnownFileType = sourcecode.swift; path = GroupsAssembly.swift; sourceTree = "<group>"; };
		A88296162811C5CD00B9EF10 /* Session.swift */ = {isa = PBXFileReference; lastKnownFileType = sourcecode.swift; path = Session.swift; sourceTree = "<group>"; };
		A88DFECF2810845400662775 /* newVK.app */ = {isa = PBXFileReference; explicitFileType = wrapper.application; includeInIndex = 0; path = newVK.app; sourceTree = BUILT_PRODUCTS_DIR; };
		A88DFED22810845400662775 /* AppDelegate.swift */ = {isa = PBXFileReference; lastKnownFileType = sourcecode.swift; path = AppDelegate.swift; sourceTree = "<group>"; };
		A88DFED42810845400662775 /* SceneDelegate.swift */ = {isa = PBXFileReference; lastKnownFileType = sourcecode.swift; path = SceneDelegate.swift; sourceTree = "<group>"; };
		A88DFED62810845400662775 /* LoginViewController.swift */ = {isa = PBXFileReference; lastKnownFileType = sourcecode.swift; path = LoginViewController.swift; sourceTree = "<group>"; };
		A88DFEDB2810845600662775 /* Assets.xcassets */ = {isa = PBXFileReference; lastKnownFileType = folder.assetcatalog; path = Assets.xcassets; sourceTree = "<group>"; };
		A88DFEDE2810845600662775 /* Base */ = {isa = PBXFileReference; lastKnownFileType = file.storyboard; name = Base; path = Base.lproj/LaunchScreen.storyboard; sourceTree = "<group>"; };
		A88DFEE02810845600662775 /* Info.plist */ = {isa = PBXFileReference; lastKnownFileType = text.plist.xml; path = Info.plist; sourceTree = "<group>"; };
		A88DFEE72810848D00662775 /* ru */ = {isa = PBXFileReference; lastKnownFileType = text.plist.strings; name = ru; path = ru.lproj/LaunchScreen.strings; sourceTree = "<group>"; };
		A8A790DD282D5E5F00EA13FD /* PhotoViewController.swift */ = {isa = PBXFileReference; lastKnownFileType = sourcecode.swift; path = PhotoViewController.swift; sourceTree = "<group>"; };
		A8A790E0282D5F2600EA13FD /* PhotoItemModel.swift */ = {isa = PBXFileReference; lastKnownFileType = sourcecode.swift; path = PhotoItemModel.swift; sourceTree = "<group>"; };
		A8A790E2282D608900EA13FD /* PhotoViewOutput.swift */ = {isa = PBXFileReference; lastKnownFileType = sourcecode.swift; path = PhotoViewOutput.swift; sourceTree = "<group>"; };
		A8A790E4282D64A500EA13FD /* PhotoCell.swift */ = {isa = PBXFileReference; lastKnownFileType = sourcecode.swift; path = PhotoCell.swift; sourceTree = "<group>"; };
		A8C47DA3282F993800ECCD1D /* PhotoViewInput.swift */ = {isa = PBXFileReference; lastKnownFileType = sourcecode.swift; path = PhotoViewInput.swift; sourceTree = "<group>"; };
		A8C47DA5282F9CD500ECCD1D /* PhotoServiceInput.swift */ = {isa = PBXFileReference; lastKnownFileType = sourcecode.swift; path = PhotoServiceInput.swift; sourceTree = "<group>"; };
		A8C47DA7282FA05800ECCD1D /* PhotoPresenter.swift */ = {isa = PBXFileReference; lastKnownFileType = sourcecode.swift; path = PhotoPresenter.swift; sourceTree = "<group>"; };
		A8C47DA9282FA10700ECCD1D /* PhotoInteractor.swift */ = {isa = PBXFileReference; lastKnownFileType = sourcecode.swift; path = PhotoInteractor.swift; sourceTree = "<group>"; };
		A8C47DAB282FA13D00ECCD1D /* PhotoInteractorInput.swift */ = {isa = PBXFileReference; lastKnownFileType = sourcecode.swift; path = PhotoInteractorInput.swift; sourceTree = "<group>"; };
		A8C47DAF282FE8C900ECCD1D /* PhotoAssembly.swift */ = {isa = PBXFileReference; lastKnownFileType = sourcecode.swift; path = PhotoAssembly.swift; sourceTree = "<group>"; };
		A8C47DB1282FF6AF00ECCD1D /* FriendsRouter.swift */ = {isa = PBXFileReference; lastKnownFileType = sourcecode.swift; path = FriendsRouter.swift; sourceTree = "<group>"; };
		A8C47DB3282FF7BB00ECCD1D /* FriendsRouterInput.swift */ = {isa = PBXFileReference; lastKnownFileType = sourcecode.swift; path = FriendsRouterInput.swift; sourceTree = "<group>"; };
		A8C47DB528300BFE00ECCD1D /* DataManager.swift */ = {isa = PBXFileReference; lastKnownFileType = sourcecode.swift; path = DataManager.swift; sourceTree = "<group>"; };
		A8CCE7672830EE9E00FCB199 /* LoginInteractorInput.swift */ = {isa = PBXFileReference; lastKnownFileType = sourcecode.swift; path = LoginInteractorInput.swift; sourceTree = "<group>"; };
		A8CCE7692830F72D00FCB199 /* LoginServiceInput.swift */ = {isa = PBXFileReference; lastKnownFileType = sourcecode.swift; path = LoginServiceInput.swift; sourceTree = "<group>"; };
		A8CCE76B2830F77E00FCB199 /* LoginRouterInput.swift */ = {isa = PBXFileReference; lastKnownFileType = sourcecode.swift; path = LoginRouterInput.swift; sourceTree = "<group>"; };
		A8CCE76D2830F7C300FCB199 /* LoginViewInput.swift */ = {isa = PBXFileReference; lastKnownFileType = sourcecode.swift; path = LoginViewInput.swift; sourceTree = "<group>"; };
		A8CCE76F2830FA6A00FCB199 /* FriendsInteractorInput.swift */ = {isa = PBXFileReference; lastKnownFileType = sourcecode.swift; path = FriendsInteractorInput.swift; sourceTree = "<group>"; };
		A8CCE7712830FD9000FCB199 /* FriendsServiceInput.swift */ = {isa = PBXFileReference; lastKnownFileType = sourcecode.swift; path = FriendsServiceInput.swift; sourceTree = "<group>"; };
		A8CCE7732830FF5E00FCB199 /* FriendsViewInput.swift */ = {isa = PBXFileReference; lastKnownFileType = sourcecode.swift; path = FriendsViewInput.swift; sourceTree = "<group>"; };
		A8CCE775283100B000FCB199 /* GroupsInteractorInput.swift */ = {isa = PBXFileReference; lastKnownFileType = sourcecode.swift; path = GroupsInteractorInput.swift; sourceTree = "<group>"; };
		A8CCE777283101C400FCB199 /* GroupsServiceInput.swift */ = {isa = PBXFileReference; lastKnownFileType = sourcecode.swift; path = GroupsServiceInput.swift; sourceTree = "<group>"; };
		A8CCE779283102C600FCB199 /* GroupsViewInput.swift */ = {isa = PBXFileReference; lastKnownFileType = sourcecode.swift; path = GroupsViewInput.swift; sourceTree = "<group>"; };
		A8F2A24F282D99DD00D011CE /* PhotoService.swift */ = {isa = PBXFileReference; lastKnownFileType = sourcecode.swift; path = PhotoService.swift; sourceTree = "<group>"; };
		A8FB5C28282A46FF009DCC2D /* DTO.swift */ = {isa = PBXFileReference; lastKnownFileType = sourcecode.swift; path = DTO.swift; sourceTree = "<group>"; };
		A8FB5C2B282A4A6C009DCC2D /* FriendItemModel.swift */ = {isa = PBXFileReference; lastKnownFileType = sourcecode.swift; path = FriendItemModel.swift; sourceTree = "<group>"; };
		A8FB5C2D282A4E87009DCC2D /* FriendCell.swift */ = {isa = PBXFileReference; lastKnownFileType = sourcecode.swift; path = FriendCell.swift; sourceTree = "<group>"; };
		A8FB5C2F282A5808009DCC2D /* FriendsViewOutput.swift */ = {isa = PBXFileReference; lastKnownFileType = sourcecode.swift; path = FriendsViewOutput.swift; sourceTree = "<group>"; };
		A8FB5C31282A5A5D009DCC2D /* FriendsService.swift */ = {isa = PBXFileReference; lastKnownFileType = sourcecode.swift; path = FriendsService.swift; sourceTree = "<group>"; };
		A8FB5C35282A61F5009DCC2D /* FriendsPresenter.swift */ = {isa = PBXFileReference; lastKnownFileType = sourcecode.swift; path = FriendsPresenter.swift; sourceTree = "<group>"; };
		A8FB5C37282AACD6009DCC2D /* ImageLoaderService.swift */ = {isa = PBXFileReference; lastKnownFileType = sourcecode.swift; path = ImageLoaderService.swift; sourceTree = "<group>"; };
		A8FB5C39282AAE87009DCC2D /* ImageLoaderHelper.swift */ = {isa = PBXFileReference; lastKnownFileType = sourcecode.swift; path = ImageLoaderHelper.swift; sourceTree = "<group>"; };
		A8FB5C3B282AB059009DCC2D /* FriendsInteractor.swift */ = {isa = PBXFileReference; lastKnownFileType = sourcecode.swift; path = FriendsInteractor.swift; sourceTree = "<group>"; };
		A8FB5C3D282AB13D009DCC2D /* FriendsAssembly.swift */ = {isa = PBXFileReference; lastKnownFileType = sourcecode.swift; path = FriendsAssembly.swift; sourceTree = "<group>"; };
		A8FB5C40282AFAB1009DCC2D /* GroupItemModel.swift */ = {isa = PBXFileReference; lastKnownFileType = sourcecode.swift; path = GroupItemModel.swift; sourceTree = "<group>"; };
		A8FB5C42282AFBDA009DCC2D /* GroupsViewOutput.swift */ = {isa = PBXFileReference; lastKnownFileType = sourcecode.swift; path = GroupsViewOutput.swift; sourceTree = "<group>"; };
		A8FB5C44282AFD91009DCC2D /* GroupCell.swift */ = {isa = PBXFileReference; lastKnownFileType = sourcecode.swift; path = GroupCell.swift; sourceTree = "<group>"; };
		A8FB5C46282B009C009DCC2D /* GroupsPresenter.swift */ = {isa = PBXFileReference; lastKnownFileType = sourcecode.swift; path = GroupsPresenter.swift; sourceTree = "<group>"; };
		A8FB5C48282B025C009DCC2D /* GroupsInteractor.swift */ = {isa = PBXFileReference; lastKnownFileType = sourcecode.swift; path = GroupsInteractor.swift; sourceTree = "<group>"; };
		A8FB5C4B282B035B009DCC2D /* GroupsService.swift */ = {isa = PBXFileReference; lastKnownFileType = sourcecode.swift; path = GroupsService.swift; sourceTree = "<group>"; };
/* End PBXFileReference section */

/* Begin PBXFrameworksBuildPhase section */
		A88DFECC2810845400662775 /* Frameworks */ = {
			isa = PBXFrameworksBuildPhase;
			buildActionMask = 2147483647;
			files = (
			);
			runOnlyForDeploymentPostprocessing = 0;
		};
/* End PBXFrameworksBuildPhase section */

/* Begin PBXGroup section */
		A83CA45328171341009A9F8D /* LoginScene */ = {
			isa = PBXGroup;
			children = (
				A83CA45A2822412D009A9F8D /* Assembly */,
				A83CA45D28229D21009A9F8D /* Interactor */,
				A83CA45E28229D4B009A9F8D /* Presenter */,
				A83CA47128239FED009A9F8D /* Service */,
				A83CA45F28229D76009A9F8D /* Router */,
				A88DFEEB281087D000662775 /* View */,
			);
			path = LoginScene;
			sourceTree = "<group>";
		};
		A83CA45A2822412D009A9F8D /* Assembly */ = {
			isa = PBXGroup;
			children = (
				A83CA45B282241B8009A9F8D /* LoginAssembly.swift */,
			);
			path = Assembly;
			sourceTree = "<group>";
		};
		A83CA45D28229D21009A9F8D /* Interactor */ = {
			isa = PBXGroup;
			children = (
				A83CA4622822B7F1009A9F8D /* LoginInteractor.swift */,
				A8CCE7672830EE9E00FCB199 /* LoginInteractorInput.swift */,
			);
			path = Interactor;
			sourceTree = "<group>";
		};
		A83CA45E28229D4B009A9F8D /* Presenter */ = {
			isa = PBXGroup;
			children = (
				A83CA4602822AECA009A9F8D /* LoginPresenter.swift */,
			);
			path = Presenter;
			sourceTree = "<group>";
		};
		A83CA45F28229D76009A9F8D /* Router */ = {
			isa = PBXGroup;
			children = (
				A83CA4642822C6D9009A9F8D /* LoginRouter.swift */,
				A8CCE76B2830F77E00FCB199 /* LoginRouterInput.swift */,
			);
			path = Router;
			sourceTree = "<group>";
		};
		A83CA4662822CCED009A9F8D /* MainTabBarScene */ = {
			isa = PBXGroup;
			children = (
				A83CA46B2822CEFB009A9F8D /* MainTabBarViewController.swift */,
				A83CA4672822CE1B009A9F8D /* FriendsScene */,
				A83CA4692822CE5A009A9F8D /* NewsScene */,
				A83CA4682822CE43009A9F8D /* GroupsScene */,
			);
			path = MainTabBarScene;
			sourceTree = "<group>";
		};
		A83CA4672822CE1B009A9F8D /* FriendsScene */ = {
			isa = PBXGroup;
			children = (
				A83CA46D28239F5A009A9F8D /* Assembly */,
				A83CA46E28239F76009A9F8D /* Interactor */,
				A83CA46F28239F99009A9F8D /* Presenter */,
				A8FB5C26282A46D7009DCC2D /* Service */,
				A83CA4722823A013009A9F8D /* Router */,
				A83CA4732823A021009A9F8D /* View */,
			);
			path = FriendsScene;
			sourceTree = "<group>";
		};
		A83CA4682822CE43009A9F8D /* GroupsScene */ = {
			isa = PBXGroup;
			children = (
				A83CA47F2823A153009A9F8D /* Assembly */,
				A83CA47E2823A141009A9F8D /* Interactor */,
				A83CA47D2823A135009A9F8D /* Presenter */,
				A8FB5C4A282B0342009DCC2D /* Service */,
				A83CA47B2823A119009A9F8D /* Router */,
				A83CA47A2823A110009A9F8D /* View */,
			);
			path = GroupsScene;
			sourceTree = "<group>";
		};
		A83CA4692822CE5A009A9F8D /* NewsScene */ = {
			isa = PBXGroup;
			children = (
				A83CA4792823A0F6009A9F8D /* Assembly */,
				A83CA4782823A0E7009A9F8D /* Interactor */,
				A83CA4772823A0D2009A9F8D /* Presenter */,
				A83CA4762823A0C1009A9F8D /* Service */,
				A83CA4752823A0B1009A9F8D /* Router */,
				A83CA4742823A091009A9F8D /* View */,
			);
			path = NewsScene;
			sourceTree = "<group>";
		};
		A83CA46D28239F5A009A9F8D /* Assembly */ = {
			isa = PBXGroup;
			children = (
				A8FB5C3D282AB13D009DCC2D /* FriendsAssembly.swift */,
			);
			path = Assembly;
			sourceTree = "<group>";
		};
		A83CA46E28239F76009A9F8D /* Interactor */ = {
			isa = PBXGroup;
			children = (
				A8FB5C3B282AB059009DCC2D /* FriendsInteractor.swift */,
				A8CCE76F2830FA6A00FCB199 /* FriendsInteractorInput.swift */,
			);
			path = Interactor;
			sourceTree = "<group>";
		};
		A83CA46F28239F99009A9F8D /* Presenter */ = {
			isa = PBXGroup;
			children = (
				A8FB5C35282A61F5009DCC2D /* FriendsPresenter.swift */,
			);
			path = Presenter;
			sourceTree = "<group>";
		};
		A83CA47128239FED009A9F8D /* Service */ = {
			isa = PBXGroup;
			children = (
				A83CA45428171B0B009A9F8D /* LoginService.swift */,
				A8CCE7692830F72D00FCB199 /* LoginServiceInput.swift */,
			);
			path = Service;
			sourceTree = "<group>";
		};
		A83CA4722823A013009A9F8D /* Router */ = {
			isa = PBXGroup;
			children = (
				A8C47DB1282FF6AF00ECCD1D /* FriendsRouter.swift */,
				A8C47DB3282FF7BB00ECCD1D /* FriendsRouterInput.swift */,
			);
			path = Router;
			sourceTree = "<group>";
		};
		A83CA4732823A021009A9F8D /* View */ = {
			isa = PBXGroup;
			children = (
				A8FB5C2A282A4A3B009DCC2D /* Cell */,
				A83CA4812823ABF3009A9F8D /* FriendsViewController.swift */,
				A8FB5C2F282A5808009DCC2D /* FriendsViewOutput.swift */,
				A8CCE7732830FF5E00FCB199 /* FriendsViewInput.swift */,
			);
			path = View;
			sourceTree = "<group>";
		};
		A83CA4742823A091009A9F8D /* View */ = {
			isa = PBXGroup;
			children = (
				A83CA4832823AC79009A9F8D /* NewsViewController.swift */,
			);
			path = View;
			sourceTree = "<group>";
		};
		A83CA4752823A0B1009A9F8D /* Router */ = {
			isa = PBXGroup;
			children = (
			);
			path = Router;
			sourceTree = "<group>";
		};
		A83CA4762823A0C1009A9F8D /* Service */ = {
			isa = PBXGroup;
			children = (
			);
			path = Service;
			sourceTree = "<group>";
		};
		A83CA4772823A0D2009A9F8D /* Presenter */ = {
			isa = PBXGroup;
			children = (
			);
			path = Presenter;
			sourceTree = "<group>";
		};
		A83CA4782823A0E7009A9F8D /* Interactor */ = {
			isa = PBXGroup;
			children = (
			);
			path = Interactor;
			sourceTree = "<group>";
		};
		A83CA4792823A0F6009A9F8D /* Assembly */ = {
			isa = PBXGroup;
			children = (
			);
			path = Assembly;
			sourceTree = "<group>";
		};
		A83CA47A2823A110009A9F8D /* View */ = {
			isa = PBXGroup;
			children = (
				A8FB5C3F282AFA8A009DCC2D /* Cell */,
				A83CA4852823ACB9009A9F8D /* GroupsViewController.swift */,
				A8FB5C42282AFBDA009DCC2D /* GroupsViewOutput.swift */,
				A8CCE779283102C600FCB199 /* GroupsViewInput.swift */,
			);
			path = View;
			sourceTree = "<group>";
		};
		A83CA47B2823A119009A9F8D /* Router */ = {
			isa = PBXGroup;
			children = (
			);
			path = Router;
			sourceTree = "<group>";
		};
		A83CA47D2823A135009A9F8D /* Presenter */ = {
			isa = PBXGroup;
			children = (
				A8FB5C46282B009C009DCC2D /* GroupsPresenter.swift */,
			);
			path = Presenter;
			sourceTree = "<group>";
		};
		A83CA47E2823A141009A9F8D /* Interactor */ = {
			isa = PBXGroup;
			children = (
				A8FB5C48282B025C009DCC2D /* GroupsInteractor.swift */,
				A8CCE775283100B000FCB199 /* GroupsInteractorInput.swift */,
			);
			path = Interactor;
			sourceTree = "<group>";
		};
		A83CA47F2823A153009A9F8D /* Assembly */ = {
			isa = PBXGroup;
			children = (
				A84D8E8E282B07DE006789DE /* GroupsAssembly.swift */,
			);
			path = Assembly;
			sourceTree = "<group>";
		};
		A83CA4802823A1BD009A9F8D /* Helpers */ = {
			isa = PBXGroup;
			children = (
				A83CA45628171C98009A9F8D /* Constants.swift */,
				A8FB5C37282AACD6009DCC2D /* ImageLoaderService.swift */,
				A8FB5C39282AAE87009DCC2D /* ImageLoaderHelper.swift */,
			);
			path = Helpers;
			sourceTree = "<group>";
		};
		A88296182811E29C00B9EF10 /* Resources */ = {
			isa = PBXGroup;
			children = (
				A88DFEDB2810845600662775 /* Assets.xcassets */,
			);
			path = Resources;
			sourceTree = "<group>";
		};
		A88DFEC62810845400662775 = {
			isa = PBXGroup;
			children = (
				A88DFED12810845400662775 /* newVK */,
				A88DFED02810845400662775 /* Products */,
			);
			sourceTree = "<group>";
		};
		A88DFED02810845400662775 /* Products */ = {
			isa = PBXGroup;
			children = (
				A88DFECF2810845400662775 /* newVK.app */,
			);
			name = Products;
			sourceTree = "<group>";
		};
		A88DFED12810845400662775 /* newVK */ = {
			isa = PBXGroup;
			children = (
				A88DFEE8281086CD00662775 /* AppFiles */,
				A83CA4802823A1BD009A9F8D /* Helpers */,
				A8FB5C33282A5C5E009DCC2D /* Service */,
				A88296182811E29C00B9EF10 /* Resources */,
				A83CA45328171341009A9F8D /* LoginScene */,
				A83CA4662822CCED009A9F8D /* MainTabBarScene */,
				A8A790D6282D5D5600EA13FD /* PhotoScene */,
				A88DFEDD2810845600662775 /* LaunchScreen.storyboard */,
				A88DFEE02810845600662775 /* Info.plist */,
			);
			path = newVK;
			sourceTree = "<group>";
		};
		A88DFEE8281086CD00662775 /* AppFiles */ = {
			isa = PBXGroup;
			children = (
				A88DFED22810845400662775 /* AppDelegate.swift */,
				A88DFED42810845400662775 /* SceneDelegate.swift */,
			);
			path = AppFiles;
			sourceTree = "<group>";
		};
		A88DFEEB281087D000662775 /* View */ = {
			isa = PBXGroup;
			children = (
				A88DFED62810845400662775 /* LoginViewController.swift */,
				A83CA45828223B18009A9F8D /* LoginViewOutput.swift */,
				A8CCE76D2830F7C300FCB199 /* LoginViewInput.swift */,
			);
			path = View;
			sourceTree = "<group>";
		};
		A8A790D6282D5D5600EA13FD /* PhotoScene */ = {
			isa = PBXGroup;
			children = (
				A8A790DC282D5E1700EA13FD /* Assembly */,
				A8A790DB282D5E0900EA13FD /* Interactor */,
				A8A790DA282D5DFE00EA13FD /* Presenter */,
				A8F2A24E282D99A800D011CE /* Servise */,
				A8A790D8282D5DDF00EA13FD /* Router */,
				A8A790D7282D5DCB00EA13FD /* View */,
			);
			path = PhotoScene;
			sourceTree = "<group>";
		};
		A8A790D7282D5DCB00EA13FD /* View */ = {
			isa = PBXGroup;
			children = (
				A8A790DF282D5F0C00EA13FD /* Cell */,
				A8A790DD282D5E5F00EA13FD /* PhotoViewController.swift */,
				A8A790E2282D608900EA13FD /* PhotoViewOutput.swift */,
				A8C47DA3282F993800ECCD1D /* PhotoViewInput.swift */,
			);
			path = View;
			sourceTree = "<group>";
		};
		A8A790D8282D5DDF00EA13FD /* Router */ = {
			isa = PBXGroup;
			children = (
			);
			path = Router;
			sourceTree = "<group>";
		};
		A8A790DA282D5DFE00EA13FD /* Presenter */ = {
			isa = PBXGroup;
			children = (
				A8C47DA7282FA05800ECCD1D /* PhotoPresenter.swift */,
			);
			path = Presenter;
			sourceTree = "<group>";
		};
		A8A790DB282D5E0900EA13FD /* Interactor */ = {
			isa = PBXGroup;
			children = (
				A8C47DA9282FA10700ECCD1D /* PhotoInteractor.swift */,
				A8C47DAB282FA13D00ECCD1D /* PhotoInteractorInput.swift */,
			);
			path = Interactor;
			sourceTree = "<group>";
		};
		A8A790DC282D5E1700EA13FD /* Assembly */ = {
			isa = PBXGroup;
			children = (
				A8C47DAF282FE8C900ECCD1D /* PhotoAssembly.swift */,
			);
			path = Assembly;
			sourceTree = "<group>";
		};
		A8A790DF282D5F0C00EA13FD /* Cell */ = {
			isa = PBXGroup;
			children = (
				A8A790E0282D5F2600EA13FD /* PhotoItemModel.swift */,
				A8A790E4282D64A500EA13FD /* PhotoCell.swift */,
			);
			path = Cell;
			sourceTree = "<group>";
		};
		A8F2A24E282D99A800D011CE /* Servise */ = {
			isa = PBXGroup;
			children = (
				A8F2A24F282D99DD00D011CE /* PhotoService.swift */,
				A8C47DA5282F9CD500ECCD1D /* PhotoServiceInput.swift */,
			);
			path = Servise;
			sourceTree = "<group>";
		};
		A8FB5C26282A46D7009DCC2D /* Service */ = {
			isa = PBXGroup;
			children = (
				A8FB5C31282A5A5D009DCC2D /* FriendsService.swift */,
				A8CCE7712830FD9000FCB199 /* FriendsServiceInput.swift */,
			);
			path = Service;
			sourceTree = "<group>";
		};
		A8FB5C27282A46EA009DCC2D /* Model */ = {
			isa = PBXGroup;
			children = (
				A8FB5C28282A46FF009DCC2D /* DTO.swift */,
				A8C47DB528300BFE00ECCD1D /* DataManager.swift */,
			);
			path = Model;
			sourceTree = "<group>";
		};
		A8FB5C2A282A4A3B009DCC2D /* Cell */ = {
			isa = PBXGroup;
			children = (
				A8FB5C2B282A4A6C009DCC2D /* FriendItemModel.swift */,
				A8FB5C2D282A4E87009DCC2D /* FriendCell.swift */,
			);
			path = Cell;
			sourceTree = "<group>";
		};
		A8FB5C33282A5C5E009DCC2D /* Service */ = {
			isa = PBXGroup;
			children = (
				A8FB5C27282A46EA009DCC2D /* Model */,
				A88296162811C5CD00B9EF10 /* Session.swift */,
			);
			path = Service;
			sourceTree = "<group>";
		};
		A8FB5C3F282AFA8A009DCC2D /* Cell */ = {
			isa = PBXGroup;
			children = (
				A8FB5C40282AFAB1009DCC2D /* GroupItemModel.swift */,
				A8FB5C44282AFD91009DCC2D /* GroupCell.swift */,
			);
			path = Cell;
			sourceTree = "<group>";
		};
		A8FB5C4A282B0342009DCC2D /* Service */ = {
			isa = PBXGroup;
			children = (
				A8FB5C4B282B035B009DCC2D /* GroupsService.swift */,
				A8CCE777283101C400FCB199 /* GroupsServiceInput.swift */,
			);
			path = Service;
			sourceTree = "<group>";
		};
/* End PBXGroup section */

/* Begin PBXNativeTarget section */
		A88DFECE2810845400662775 /* newVK */ = {
			isa = PBXNativeTarget;
			buildConfigurationList = A88DFEE32810845600662775 /* Build configuration list for PBXNativeTarget "newVK" */;
			buildPhases = (
				A88DFECB2810845400662775 /* Sources */,
				A88DFECC2810845400662775 /* Frameworks */,
				A88DFECD2810845400662775 /* Resources */,
			);
			buildRules = (
			);
			dependencies = (
			);
			name = newVK;
			productName = newVK;
			productReference = A88DFECF2810845400662775 /* newVK.app */;
			productType = "com.apple.product-type.application";
		};
/* End PBXNativeTarget section */

/* Begin PBXProject section */
		A88DFEC72810845400662775 /* Project object */ = {
			isa = PBXProject;
			attributes = {
				BuildIndependentTargetsInParallel = 1;
				LastSwiftUpdateCheck = 1330;
				LastUpgradeCheck = 1330;
				TargetAttributes = {
					A88DFECE2810845400662775 = {
						CreatedOnToolsVersion = 13.3.1;
					};
				};
			};
			buildConfigurationList = A88DFECA2810845400662775 /* Build configuration list for PBXProject "newVK" */;
			compatibilityVersion = "Xcode 13.0";
			developmentRegion = en;
			hasScannedForEncodings = 0;
			knownRegions = (
				en,
				Base,
				ru,
			);
			mainGroup = A88DFEC62810845400662775;
			productRefGroup = A88DFED02810845400662775 /* Products */;
			projectDirPath = "";
			projectRoot = "";
			targets = (
				A88DFECE2810845400662775 /* newVK */,
			);
		};
/* End PBXProject section */

/* Begin PBXResourcesBuildPhase section */
		A88DFECD2810845400662775 /* Resources */ = {
			isa = PBXResourcesBuildPhase;
			buildActionMask = 2147483647;
			files = (
				A88DFEDF2810845600662775 /* LaunchScreen.storyboard in Resources */,
				A88DFEDC2810845600662775 /* Assets.xcassets in Resources */,
			);
			runOnlyForDeploymentPostprocessing = 0;
		};
/* End PBXResourcesBuildPhase section */

/* Begin PBXSourcesBuildPhase section */
		A88DFECB2810845400662775 /* Sources */ = {
			isa = PBXSourcesBuildPhase;
			buildActionMask = 2147483647;
			files = (
				A8FB5C3C282AB059009DCC2D /* FriendsInteractor.swift in Sources */,
				A88DFED72810845400662775 /* LoginViewController.swift in Sources */,
				A88DFED32810845400662775 /* AppDelegate.swift in Sources */,
				A8CCE77A283102C600FCB199 /* GroupsViewInput.swift in Sources */,
				A8FB5C3A282AAE87009DCC2D /* ImageLoaderHelper.swift in Sources */,
				A8CCE778283101C400FCB199 /* GroupsServiceInput.swift in Sources */,
				A8CCE7722830FD9000FCB199 /* FriendsServiceInput.swift in Sources */,
				A8FB5C38282AACD6009DCC2D /* ImageLoaderService.swift in Sources */,
				A8C47DB628300BFE00ECCD1D /* DataManager.swift in Sources */,
				A8CCE776283100B000FCB199 /* GroupsInteractorInput.swift in Sources */,
				A8FB5C43282AFBDA009DCC2D /* GroupsViewOutput.swift in Sources */,
				A8C47DB2282FF6AF00ECCD1D /* FriendsRouter.swift in Sources */,
				A8C47DA6282F9CD500ECCD1D /* PhotoServiceInput.swift in Sources */,
				A83CA4822823ABF3009A9F8D /* FriendsViewController.swift in Sources */,
				A8FB5C45282AFD91009DCC2D /* GroupCell.swift in Sources */,
				A88296172811C5CD00B9EF10 /* Session.swift in Sources */,
				A8FB5C47282B009C009DCC2D /* GroupsPresenter.swift in Sources */,
				A83CA4612822AECA009A9F8D /* LoginPresenter.swift in Sources */,
				A8FB5C41282AFAB1009DCC2D /* GroupItemModel.swift in Sources */,
				A8C47DB4282FF7BB00ECCD1D /* FriendsRouterInput.swift in Sources */,
				A83CA45928223B18009A9F8D /* LoginViewOutput.swift in Sources */,
				A8CCE76E2830F7C300FCB199 /* LoginViewInput.swift in Sources */,
				A8CCE7702830FA6A00FCB199 /* FriendsInteractorInput.swift in Sources */,
				A8C47DAC282FA13D00ECCD1D /* PhotoInteractorInput.swift in Sources */,
				A8A790E1282D5F2600EA13FD /* PhotoItemModel.swift in Sources */,
				A8C47DB0282FE8C900ECCD1D /* PhotoAssembly.swift in Sources */,
				A8FB5C30282A5808009DCC2D /* FriendsViewOutput.swift in Sources */,
				A8FB5C32282A5A5D009DCC2D /* FriendsService.swift in Sources */,
				A84D8E8F282B07DF006789DE /* GroupsAssembly.swift in Sources */,
				A83CA45528171B0B009A9F8D /* LoginService.swift in Sources */,
				A8CCE76C2830F77E00FCB199 /* LoginRouterInput.swift in Sources */,
				A88DFED52810845400662775 /* SceneDelegate.swift in Sources */,
				A83CA46C2822CEFB009A9F8D /* MainTabBarViewController.swift in Sources */,
				A8F2A250282D99DD00D011CE /* PhotoService.swift in Sources */,
				A8FB5C49282B025C009DCC2D /* GroupsInteractor.swift in Sources */,
				A8A790E3282D608900EA13FD /* PhotoViewOutput.swift in Sources */,
				A83CA45C282241B8009A9F8D /* LoginAssembly.swift in Sources */,
				A8C47DA8282FA05800ECCD1D /* PhotoPresenter.swift in Sources */,
				A8FB5C3E282AB13D009DCC2D /* FriendsAssembly.swift in Sources */,
				A8CCE7742830FF5E00FCB199 /* FriendsViewInput.swift in Sources */,
				A83CA4652822C6D9009A9F8D /* LoginRouter.swift in Sources */,
				A8FB5C4C282B035B009DCC2D /* GroupsService.swift in Sources */,
				A8FB5C29282A46FF009DCC2D /* DTO.swift in Sources */,
				A8FB5C2C282A4A6C009DCC2D /* FriendItemModel.swift in Sources */,
				A8C47DA4282F993800ECCD1D /* PhotoViewInput.swift in Sources */,
				A8A790E5282D64A500EA13FD /* PhotoCell.swift in Sources */,
				A8FB5C2E282A4E87009DCC2D /* FriendCell.swift in Sources */,
				A83CA4842823AC79009A9F8D /* NewsViewController.swift in Sources */,
				A8FB5C36282A61F5009DCC2D /* FriendsPresenter.swift in Sources */,
				A8CCE7682830EE9E00FCB199 /* LoginInteractorInput.swift in Sources */,
				A83CA4632822B7F1009A9F8D /* LoginInteractor.swift in Sources */,
				A83CA45728171C98009A9F8D /* Constants.swift in Sources */,
				A8CCE76A2830F72D00FCB199 /* LoginServiceInput.swift in Sources */,
				A83CA4862823ACB9009A9F8D /* GroupsViewController.swift in Sources */,
				A8A790DE282D5E5F00EA13FD /* PhotoViewController.swift in Sources */,
				A8C47DAA282FA10700ECCD1D /* PhotoInteractor.swift in Sources */,
			);
			runOnlyForDeploymentPostprocessing = 0;
		};
/* End PBXSourcesBuildPhase section */

/* Begin PBXVariantGroup section */
		A88DFEDD2810845600662775 /* LaunchScreen.storyboard */ = {
			isa = PBXVariantGroup;
			children = (
				A88DFEDE2810845600662775 /* Base */,
				A88DFEE72810848D00662775 /* ru */,
			);
			name = LaunchScreen.storyboard;
			sourceTree = "<group>";
		};
/* End PBXVariantGroup section */

/* Begin XCBuildConfiguration section */
		A88DFEE12810845600662775 /* Debug */ = {
			isa = XCBuildConfiguration;
			buildSettings = {
				ALWAYS_SEARCH_USER_PATHS = NO;
				CLANG_ANALYZER_LOCALIZABILITY_NONLOCALIZED = YES;
				CLANG_ANALYZER_NONNULL = YES;
				CLANG_ANALYZER_NUMBER_OBJECT_CONVERSION = YES_AGGRESSIVE;
				CLANG_CXX_LANGUAGE_STANDARD = "gnu++17";
				CLANG_ENABLE_MODULES = YES;
				CLANG_ENABLE_OBJC_ARC = YES;
				CLANG_ENABLE_OBJC_WEAK = YES;
				CLANG_WARN_BLOCK_CAPTURE_AUTORELEASING = YES;
				CLANG_WARN_BOOL_CONVERSION = YES;
				CLANG_WARN_COMMA = YES;
				CLANG_WARN_CONSTANT_CONVERSION = YES;
				CLANG_WARN_DEPRECATED_OBJC_IMPLEMENTATIONS = YES;
				CLANG_WARN_DIRECT_OBJC_ISA_USAGE = YES_ERROR;
				CLANG_WARN_DOCUMENTATION_COMMENTS = YES;
				CLANG_WARN_EMPTY_BODY = YES;
				CLANG_WARN_ENUM_CONVERSION = YES;
				CLANG_WARN_INFINITE_RECURSION = YES;
				CLANG_WARN_INT_CONVERSION = YES;
				CLANG_WARN_NON_LITERAL_NULL_CONVERSION = YES;
				CLANG_WARN_OBJC_IMPLICIT_RETAIN_SELF = YES;
				CLANG_WARN_OBJC_LITERAL_CONVERSION = YES;
				CLANG_WARN_OBJC_ROOT_CLASS = YES_ERROR;
				CLANG_WARN_QUOTED_INCLUDE_IN_FRAMEWORK_HEADER = YES;
				CLANG_WARN_RANGE_LOOP_ANALYSIS = YES;
				CLANG_WARN_STRICT_PROTOTYPES = YES;
				CLANG_WARN_SUSPICIOUS_MOVE = YES;
				CLANG_WARN_UNGUARDED_AVAILABILITY = YES_AGGRESSIVE;
				CLANG_WARN_UNREACHABLE_CODE = YES;
				CLANG_WARN__DUPLICATE_METHOD_MATCH = YES;
				COPY_PHASE_STRIP = NO;
				DEBUG_INFORMATION_FORMAT = dwarf;
				ENABLE_STRICT_OBJC_MSGSEND = YES;
				ENABLE_TESTABILITY = YES;
				GCC_C_LANGUAGE_STANDARD = gnu11;
				GCC_DYNAMIC_NO_PIC = NO;
				GCC_NO_COMMON_BLOCKS = YES;
				GCC_OPTIMIZATION_LEVEL = 0;
				GCC_PREPROCESSOR_DEFINITIONS = (
					"DEBUG=1",
					"$(inherited)",
				);
				GCC_WARN_64_TO_32_BIT_CONVERSION = YES;
				GCC_WARN_ABOUT_RETURN_TYPE = YES_ERROR;
				GCC_WARN_UNDECLARED_SELECTOR = YES;
				GCC_WARN_UNINITIALIZED_AUTOS = YES_AGGRESSIVE;
				GCC_WARN_UNUSED_FUNCTION = YES;
				GCC_WARN_UNUSED_VARIABLE = YES;
				IPHONEOS_DEPLOYMENT_TARGET = 15.4;
				MTL_ENABLE_DEBUG_INFO = INCLUDE_SOURCE;
				MTL_FAST_MATH = YES;
				ONLY_ACTIVE_ARCH = YES;
				SDKROOT = iphoneos;
				SWIFT_ACTIVE_COMPILATION_CONDITIONS = DEBUG;
				SWIFT_OPTIMIZATION_LEVEL = "-Onone";
			};
			name = Debug;
		};
		A88DFEE22810845600662775 /* Release */ = {
			isa = XCBuildConfiguration;
			buildSettings = {
				ALWAYS_SEARCH_USER_PATHS = NO;
				CLANG_ANALYZER_LOCALIZABILITY_NONLOCALIZED = YES;
				CLANG_ANALYZER_NONNULL = YES;
				CLANG_ANALYZER_NUMBER_OBJECT_CONVERSION = YES_AGGRESSIVE;
				CLANG_CXX_LANGUAGE_STANDARD = "gnu++17";
				CLANG_ENABLE_MODULES = YES;
				CLANG_ENABLE_OBJC_ARC = YES;
				CLANG_ENABLE_OBJC_WEAK = YES;
				CLANG_WARN_BLOCK_CAPTURE_AUTORELEASING = YES;
				CLANG_WARN_BOOL_CONVERSION = YES;
				CLANG_WARN_COMMA = YES;
				CLANG_WARN_CONSTANT_CONVERSION = YES;
				CLANG_WARN_DEPRECATED_OBJC_IMPLEMENTATIONS = YES;
				CLANG_WARN_DIRECT_OBJC_ISA_USAGE = YES_ERROR;
				CLANG_WARN_DOCUMENTATION_COMMENTS = YES;
				CLANG_WARN_EMPTY_BODY = YES;
				CLANG_WARN_ENUM_CONVERSION = YES;
				CLANG_WARN_INFINITE_RECURSION = YES;
				CLANG_WARN_INT_CONVERSION = YES;
				CLANG_WARN_NON_LITERAL_NULL_CONVERSION = YES;
				CLANG_WARN_OBJC_IMPLICIT_RETAIN_SELF = YES;
				CLANG_WARN_OBJC_LITERAL_CONVERSION = YES;
				CLANG_WARN_OBJC_ROOT_CLASS = YES_ERROR;
				CLANG_WARN_QUOTED_INCLUDE_IN_FRAMEWORK_HEADER = YES;
				CLANG_WARN_RANGE_LOOP_ANALYSIS = YES;
				CLANG_WARN_STRICT_PROTOTYPES = YES;
				CLANG_WARN_SUSPICIOUS_MOVE = YES;
				CLANG_WARN_UNGUARDED_AVAILABILITY = YES_AGGRESSIVE;
				CLANG_WARN_UNREACHABLE_CODE = YES;
				CLANG_WARN__DUPLICATE_METHOD_MATCH = YES;
				COPY_PHASE_STRIP = NO;
				DEBUG_INFORMATION_FORMAT = "dwarf-with-dsym";
				ENABLE_NS_ASSERTIONS = NO;
				ENABLE_STRICT_OBJC_MSGSEND = YES;
				GCC_C_LANGUAGE_STANDARD = gnu11;
				GCC_NO_COMMON_BLOCKS = YES;
				GCC_WARN_64_TO_32_BIT_CONVERSION = YES;
				GCC_WARN_ABOUT_RETURN_TYPE = YES_ERROR;
				GCC_WARN_UNDECLARED_SELECTOR = YES;
				GCC_WARN_UNINITIALIZED_AUTOS = YES_AGGRESSIVE;
				GCC_WARN_UNUSED_FUNCTION = YES;
				GCC_WARN_UNUSED_VARIABLE = YES;
				IPHONEOS_DEPLOYMENT_TARGET = 15.4;
				MTL_ENABLE_DEBUG_INFO = NO;
				MTL_FAST_MATH = YES;
				SDKROOT = iphoneos;
				SWIFT_COMPILATION_MODE = wholemodule;
				SWIFT_OPTIMIZATION_LEVEL = "-O";
				VALIDATE_PRODUCT = YES;
			};
			name = Release;
		};
		A88DFEE42810845600662775 /* Debug */ = {
			isa = XCBuildConfiguration;
			buildSettings = {
				ASSETCATALOG_COMPILER_APPICON_NAME = AppIcon;
				ASSETCATALOG_COMPILER_GLOBAL_ACCENT_COLOR_NAME = AccentColor;
				CODE_SIGN_STYLE = Automatic;
				CURRENT_PROJECT_VERSION = 1;
				DEVELOPMENT_TEAM = D77A764ZZV;
				GENERATE_INFOPLIST_FILE = YES;
				INFOPLIST_FILE = newVK/Info.plist;
				INFOPLIST_KEY_UIApplicationSupportsIndirectInputEvents = YES;
				INFOPLIST_KEY_UILaunchStoryboardName = LaunchScreen;
				INFOPLIST_KEY_UISupportedInterfaceOrientations = "UIInterfaceOrientationPortrait UIInterfaceOrientationLandscapeLeft UIInterfaceOrientationLandscapeRight";
				INFOPLIST_KEY_UISupportedInterfaceOrientations_iPad = "UIInterfaceOrientationPortrait UIInterfaceOrientationPortraitUpsideDown UIInterfaceOrientationLandscapeLeft UIInterfaceOrientationLandscapeRight";
				INFOPLIST_KEY_UISupportedInterfaceOrientations_iPhone = "UIInterfaceOrientationPortrait UIInterfaceOrientationLandscapeLeft UIInterfaceOrientationLandscapeRight";
				LD_RUNPATH_SEARCH_PATHS = (
					"$(inherited)",
					"@executable_path/Frameworks",
				);
				MARKETING_VERSION = 1.0;
				PRODUCT_BUNDLE_IDENTIFIER = ovnick.newVK;
				PRODUCT_NAME = "$(TARGET_NAME)";
				SWIFT_EMIT_LOC_STRINGS = YES;
				SWIFT_VERSION = 5.0;
				TARGETED_DEVICE_FAMILY = "1,2";
			};
			name = Debug;
		};
		A88DFEE52810845600662775 /* Release */ = {
			isa = XCBuildConfiguration;
			buildSettings = {
				ASSETCATALOG_COMPILER_APPICON_NAME = AppIcon;
				ASSETCATALOG_COMPILER_GLOBAL_ACCENT_COLOR_NAME = AccentColor;
				CODE_SIGN_STYLE = Automatic;
				CURRENT_PROJECT_VERSION = 1;
				DEVELOPMENT_TEAM = D77A764ZZV;
				GENERATE_INFOPLIST_FILE = YES;
				INFOPLIST_FILE = newVK/Info.plist;
				INFOPLIST_KEY_UIApplicationSupportsIndirectInputEvents = YES;
				INFOPLIST_KEY_UILaunchStoryboardName = LaunchScreen;
				INFOPLIST_KEY_UISupportedInterfaceOrientations = "UIInterfaceOrientationPortrait UIInterfaceOrientationLandscapeLeft UIInterfaceOrientationLandscapeRight";
				INFOPLIST_KEY_UISupportedInterfaceOrientations_iPad = "UIInterfaceOrientationPortrait UIInterfaceOrientationPortraitUpsideDown UIInterfaceOrientationLandscapeLeft UIInterfaceOrientationLandscapeRight";
				INFOPLIST_KEY_UISupportedInterfaceOrientations_iPhone = "UIInterfaceOrientationPortrait UIInterfaceOrientationLandscapeLeft UIInterfaceOrientationLandscapeRight";
				LD_RUNPATH_SEARCH_PATHS = (
					"$(inherited)",
					"@executable_path/Frameworks",
				);
				MARKETING_VERSION = 1.0;
				PRODUCT_BUNDLE_IDENTIFIER = ovnick.newVK;
				PRODUCT_NAME = "$(TARGET_NAME)";
				SWIFT_EMIT_LOC_STRINGS = YES;
				SWIFT_VERSION = 5.0;
				TARGETED_DEVICE_FAMILY = "1,2";
			};
			name = Release;
		};
/* End XCBuildConfiguration section */

/* Begin XCConfigurationList section */
		A88DFECA2810845400662775 /* Build configuration list for PBXProject "newVK" */ = {
			isa = XCConfigurationList;
			buildConfigurations = (
				A88DFEE12810845600662775 /* Debug */,
				A88DFEE22810845600662775 /* Release */,
			);
			defaultConfigurationIsVisible = 0;
			defaultConfigurationName = Release;
		};
		A88DFEE32810845600662775 /* Build configuration list for PBXNativeTarget "newVK" */ = {
			isa = XCConfigurationList;
			buildConfigurations = (
				A88DFEE42810845600662775 /* Debug */,
				A88DFEE52810845600662775 /* Release */,
			);
			defaultConfigurationIsVisible = 0;
			defaultConfigurationName = Release;
		};
/* End XCConfigurationList section */
	};
	rootObject = A88DFEC72810845400662775 /* Project object */;
}
